// !$*UTF8*$!
{
	archiveVersion = 1;
	classes = {
	};
	objectVersion = 55;
	objects = {

/* Begin PBXBuildFile section */
		3F4A8EDD28AFC01E00B5E646 /* AppDelegate.swift in Sources */ = {isa = PBXBuildFile; fileRef = 3F4A8EDC28AFC01E00B5E646 /* AppDelegate.swift */; };
		3F4A8EDF28AFC01E00B5E646 /* SceneDelegate.swift in Sources */ = {isa = PBXBuildFile; fileRef = 3F4A8EDE28AFC01E00B5E646 /* SceneDelegate.swift */; };
		3F4A8EE628AFC01F00B5E646 /* Assets.xcassets in Resources */ = {isa = PBXBuildFile; fileRef = 3F4A8EE528AFC01F00B5E646 /* Assets.xcassets */; };
		3F4A8EE928AFC01F00B5E646 /* LaunchScreen.storyboard in Resources */ = {isa = PBXBuildFile; fileRef = 3F4A8EE728AFC01F00B5E646 /* LaunchScreen.storyboard */; };
		3F4A8EF128AFC06B00B5E646 /* HomeVC.swift in Sources */ = {isa = PBXBuildFile; fileRef = 3F4A8EF028AFC06B00B5E646 /* HomeVC.swift */; };
		3F4A8EF328AFC08B00B5E646 /* ProductDetailsVC.swift in Sources */ = {isa = PBXBuildFile; fileRef = 3F4A8EF228AFC08B00B5E646 /* ProductDetailsVC.swift */; };
		3F4A8EF528AFC09300B5E646 /* MyCartVC.swift in Sources */ = {isa = PBXBuildFile; fileRef = 3F4A8EF428AFC09300B5E646 /* MyCartVC.swift */; };
		3F4A8EF828B280EE00B5E646 /* PhoneData.swift in Sources */ = {isa = PBXBuildFile; fileRef = 3F4A8EF728B280EE00B5E646 /* PhoneData.swift */; };
		3F4A8EFB28B3B2C700B5E646 /* PhoneManager.swift in Sources */ = {isa = PBXBuildFile; fileRef = 3F4A8EFA28B3B2C700B5E646 /* PhoneManager.swift */; };
		3F4A8F0228B6986F00B5E646 /* CustomCellSection1.swift in Sources */ = {isa = PBXBuildFile; fileRef = 3F4A8F0128B6986F00B5E646 /* CustomCellSection1.swift */; };
		3F4A8F0428B6A64500B5E646 /* CustomCellSection2.swift in Sources */ = {isa = PBXBuildFile; fileRef = 3F4A8F0328B6A64500B5E646 /* CustomCellSection2.swift */; };
		3FB8FBE428B6AF7A003F8D1D /* CustomCellSection3.swift in Sources */ = {isa = PBXBuildFile; fileRef = 3FB8FBE328B6AF7A003F8D1D /* CustomCellSection3.swift */; };
		3FD5A01A28C7B31F005D6F6C /* EasyPhoneData.swift in Sources */ = {isa = PBXBuildFile; fileRef = 3FD5A01928C7B31F005D6F6C /* EasyPhoneData.swift */; };
		3FF67DCF28D34F1F0034CD19 /* ProductDetailsCustomCell.swift in Sources */ = {isa = PBXBuildFile; fileRef = 3FF67DCE28D34F1F0034CD19 /* ProductDetailsCustomCell.swift */; };
/* End PBXBuildFile section */

/* Begin PBXFileReference section */
		3F4A8ED928AFC01E00B5E646 /* PhoneMall.app */ = {isa = PBXFileReference; explicitFileType = wrapper.application; includeInIndex = 0; path = PhoneMall.app; sourceTree = BUILT_PRODUCTS_DIR; };
		3F4A8EDC28AFC01E00B5E646 /* AppDelegate.swift */ = {isa = PBXFileReference; lastKnownFileType = sourcecode.swift; path = AppDelegate.swift; sourceTree = "<group>"; };
		3F4A8EDE28AFC01E00B5E646 /* SceneDelegate.swift */ = {isa = PBXFileReference; lastKnownFileType = sourcecode.swift; path = SceneDelegate.swift; sourceTree = "<group>"; };
		3F4A8EE528AFC01F00B5E646 /* Assets.xcassets */ = {isa = PBXFileReference; lastKnownFileType = folder.assetcatalog; path = Assets.xcassets; sourceTree = "<group>"; };
		3F4A8EE828AFC01F00B5E646 /* Base */ = {isa = PBXFileReference; lastKnownFileType = file.storyboard; name = Base; path = Base.lproj/LaunchScreen.storyboard; sourceTree = "<group>"; };
		3F4A8EEA28AFC01F00B5E646 /* Info.plist */ = {isa = PBXFileReference; lastKnownFileType = text.plist.xml; path = Info.plist; sourceTree = "<group>"; };
		3F4A8EF028AFC06B00B5E646 /* HomeVC.swift */ = {isa = PBXFileReference; lastKnownFileType = sourcecode.swift; path = HomeVC.swift; sourceTree = "<group>"; };
		3F4A8EF228AFC08B00B5E646 /* ProductDetailsVC.swift */ = {isa = PBXFileReference; lastKnownFileType = sourcecode.swift; path = ProductDetailsVC.swift; sourceTree = "<group>"; };
		3F4A8EF428AFC09300B5E646 /* MyCartVC.swift */ = {isa = PBXFileReference; lastKnownFileType = sourcecode.swift; path = MyCartVC.swift; sourceTree = "<group>"; };
		3F4A8EF728B280EE00B5E646 /* PhoneData.swift */ = {isa = PBXFileReference; lastKnownFileType = sourcecode.swift; path = PhoneData.swift; sourceTree = "<group>"; };
		3F4A8EFA28B3B2C700B5E646 /* PhoneManager.swift */ = {isa = PBXFileReference; lastKnownFileType = sourcecode.swift; path = PhoneManager.swift; sourceTree = "<group>"; };
		3F4A8F0128B6986F00B5E646 /* CustomCellSection1.swift */ = {isa = PBXFileReference; lastKnownFileType = sourcecode.swift; path = CustomCellSection1.swift; sourceTree = "<group>"; };
		3F4A8F0328B6A64500B5E646 /* CustomCellSection2.swift */ = {isa = PBXFileReference; lastKnownFileType = sourcecode.swift; path = CustomCellSection2.swift; sourceTree = "<group>"; };
		3FB8FBE328B6AF7A003F8D1D /* CustomCellSection3.swift */ = {isa = PBXFileReference; lastKnownFileType = sourcecode.swift; path = CustomCellSection3.swift; sourceTree = "<group>"; };
		3FD5A01928C7B31F005D6F6C /* EasyPhoneData.swift */ = {isa = PBXFileReference; lastKnownFileType = sourcecode.swift; path = EasyPhoneData.swift; sourceTree = "<group>"; };
		3FF67DCE28D34F1F0034CD19 /* ProductDetailsCustomCell.swift */ = {isa = PBXFileReference; lastKnownFileType = sourcecode.swift; path = ProductDetailsCustomCell.swift; sourceTree = "<group>"; };
/* End PBXFileReference section */

/* Begin PBXFrameworksBuildPhase section */
		3F4A8ED628AFC01E00B5E646 /* Frameworks */ = {
			isa = PBXFrameworksBuildPhase;
			buildActionMask = 2147483647;
			files = (
			);
			runOnlyForDeploymentPostprocessing = 0;
		};
/* End PBXFrameworksBuildPhase section */

/* Begin PBXGroup section */
		3F4A8ED028AFC01E00B5E646 = {
			isa = PBXGroup;
			children = (
				3F4A8EDB28AFC01E00B5E646 /* PhoneMall */,
				3F4A8EDA28AFC01E00B5E646 /* Products */,
			);
			sourceTree = "<group>";
		};
		3F4A8EDA28AFC01E00B5E646 /* Products */ = {
			isa = PBXGroup;
			children = (
				3F4A8ED928AFC01E00B5E646 /* PhoneMall.app */,
			);
			name = Products;
			sourceTree = "<group>";
		};
		3F4A8EDB28AFC01E00B5E646 /* PhoneMall */ = {
			isa = PBXGroup;
			children = (
				3F4A8F0028B6985D00B5E646 /* View */,
				3F4A8EF628AFC1B000B5E646 /* Resourses  */,
				3F4A8EF928B3B2B900B5E646 /* Model */,
				3F4A8EE528AFC01F00B5E646 /* Assets.xcassets */,
				3F4A8EE728AFC01F00B5E646 /* LaunchScreen.storyboard */,
				3F4A8EEA28AFC01F00B5E646 /* Info.plist */,
			);
			path = PhoneMall;
			sourceTree = "<group>";
		};
		3F4A8EF628AFC1B000B5E646 /* Resourses  */ = {
			isa = PBXGroup;
			children = (
				3F4A8EDC28AFC01E00B5E646 /* AppDelegate.swift */,
				3F4A8EDE28AFC01E00B5E646 /* SceneDelegate.swift */,
			);
			path = "Resourses ";
			sourceTree = "<group>";
		};
		3F4A8EF928B3B2B900B5E646 /* Model */ = {
			isa = PBXGroup;
			children = (
				3F4A8EF728B280EE00B5E646 /* PhoneData.swift */,
				3FD5A01928C7B31F005D6F6C /* EasyPhoneData.swift */,
				3F4A8EFA28B3B2C700B5E646 /* PhoneManager.swift */,
			);
			path = Model;
			sourceTree = "<group>";
		};
		3F4A8F0028B6985D00B5E646 /* View */ = {
			isa = PBXGroup;
			children = (
				3FF67DCD28D344470034CD19 /* MyCartVC */,
				3FF67DCC28D343E10034CD19 /* ProductDetailsVC */,
				3FF67DCA28D343850034CD19 /* HomeVC */,
			);
			path = View;
			sourceTree = "<group>";
		};
		3FF67DCA28D343850034CD19 /* HomeVC */ = {
			isa = PBXGroup;
			children = (
				3F4A8EF028AFC06B00B5E646 /* HomeVC.swift */,
				3FF67DCB28D343A50034CD19 /* CustomCells */,
			);
			path = HomeVC;
			sourceTree = "<group>";
		};
		3FF67DCB28D343A50034CD19 /* CustomCells */ = {
			isa = PBXGroup;
			children = (
				3F4A8F0128B6986F00B5E646 /* CustomCellSection1.swift */,
				3F4A8F0328B6A64500B5E646 /* CustomCellSection2.swift */,
				3FB8FBE328B6AF7A003F8D1D /* CustomCellSection3.swift */,
			);
			path = CustomCells;
			sourceTree = "<group>";
		};
		3FF67DCC28D343E10034CD19 /* ProductDetailsVC */ = {
			isa = PBXGroup;
			children = (
				3F4A8EF228AFC08B00B5E646 /* ProductDetailsVC.swift */,
				3FF67DCE28D34F1F0034CD19 /* ProductDetailsCustomCell.swift */,
			);
			path = ProductDetailsVC;
			sourceTree = "<group>";
		};
		3FF67DCD28D344470034CD19 /* MyCartVC */ = {
			isa = PBXGroup;
			children = (
				3F4A8EF428AFC09300B5E646 /* MyCartVC.swift */,
			);
			path = MyCartVC;
			sourceTree = "<group>";
		};
/* End PBXGroup section */

/* Begin PBXNativeTarget section */
		3F4A8ED828AFC01E00B5E646 /* PhoneMall */ = {
			isa = PBXNativeTarget;
			buildConfigurationList = 3F4A8EED28AFC01F00B5E646 /* Build configuration list for PBXNativeTarget "PhoneMall" */;
			buildPhases = (
				3F4A8ED528AFC01E00B5E646 /* Sources */,
				3F4A8ED628AFC01E00B5E646 /* Frameworks */,
				3F4A8ED728AFC01E00B5E646 /* Resources */,
			);
			buildRules = (
			);
			dependencies = (
			);
			name = PhoneMall;
			productName = PhoneMall;
			productReference = 3F4A8ED928AFC01E00B5E646 /* PhoneMall.app */;
			productType = "com.apple.product-type.application";
		};
/* End PBXNativeTarget section */

/* Begin PBXProject section */
		3F4A8ED128AFC01E00B5E646 /* Project object */ = {
			isa = PBXProject;
			attributes = {
				BuildIndependentTargetsInParallel = 1;
				LastSwiftUpdateCheck = 1320;
				LastUpgradeCheck = 1320;
				TargetAttributes = {
					3F4A8ED828AFC01E00B5E646 = {
						CreatedOnToolsVersion = 13.2.1;
					};
				};
			};
			buildConfigurationList = 3F4A8ED428AFC01E00B5E646 /* Build configuration list for PBXProject "PhoneMall" */;
			compatibilityVersion = "Xcode 13.0";
			developmentRegion = en;
			hasScannedForEncodings = 0;
			knownRegions = (
				en,
				Base,
			);
			mainGroup = 3F4A8ED028AFC01E00B5E646;
			productRefGroup = 3F4A8EDA28AFC01E00B5E646 /* Products */;
			projectDirPath = "";
			projectRoot = "";
			targets = (
				3F4A8ED828AFC01E00B5E646 /* PhoneMall */,
			);
		};
/* End PBXProject section */

/* Begin PBXResourcesBuildPhase section */
		3F4A8ED728AFC01E00B5E646 /* Resources */ = {
			isa = PBXResourcesBuildPhase;
			buildActionMask = 2147483647;
			files = (
				3F4A8EE928AFC01F00B5E646 /* LaunchScreen.storyboard in Resources */,
				3F4A8EE628AFC01F00B5E646 /* Assets.xcassets in Resources */,
			);
			runOnlyForDeploymentPostprocessing = 0;
		};
/* End PBXResourcesBuildPhase section */

/* Begin PBXSourcesBuildPhase section */
		3F4A8ED528AFC01E00B5E646 /* Sources */ = {
			isa = PBXSourcesBuildPhase;
			buildActionMask = 2147483647;
			files = (
				3F4A8EF528AFC09300B5E646 /* MyCartVC.swift in Sources */,
				3F4A8F0428B6A64500B5E646 /* CustomCellSection2.swift in Sources */,
				3F4A8EF828B280EE00B5E646 /* PhoneData.swift in Sources */,
				3FB8FBE428B6AF7A003F8D1D /* CustomCellSection3.swift in Sources */,
				3F4A8EFB28B3B2C700B5E646 /* PhoneManager.swift in Sources */,
				3F4A8EF128AFC06B00B5E646 /* HomeVC.swift in Sources */,
				3F4A8EF328AFC08B00B5E646 /* ProductDetailsVC.swift in Sources */,
				3FD5A01A28C7B31F005D6F6C /* EasyPhoneData.swift in Sources */,
				3F4A8F0228B6986F00B5E646 /* CustomCellSection1.swift in Sources */,
				3F4A8EDD28AFC01E00B5E646 /* AppDelegate.swift in Sources */,
				3F4A8EDF28AFC01E00B5E646 /* SceneDelegate.swift in Sources */,
				3FF67DCF28D34F1F0034CD19 /* ProductDetailsCustomCell.swift in Sources */,
			);
			runOnlyForDeploymentPostprocessing = 0;
		};
/* End PBXSourcesBuildPhase section */

/* Begin PBXVariantGroup section */
		3F4A8EE728AFC01F00B5E646 /* LaunchScreen.storyboard */ = {
			isa = PBXVariantGroup;
			children = (
				3F4A8EE828AFC01F00B5E646 /* Base */,
			);
			name = LaunchScreen.storyboard;
			sourceTree = "<group>";
		};
/* End PBXVariantGroup section */

/* Begin XCBuildConfiguration section */
		3F4A8EEB28AFC01F00B5E646 /* Debug */ = {
			isa = XCBuildConfiguration;
			buildSettings = {
				ALWAYS_SEARCH_USER_PATHS = NO;
				CLANG_ANALYZER_NONNULL = YES;
				CLANG_ANALYZER_NUMBER_OBJECT_CONVERSION = YES_AGGRESSIVE;
				CLANG_CXX_LANGUAGE_STANDARD = "gnu++17";
				CLANG_CXX_LIBRARY = "libc++";
				CLANG_ENABLE_MODULES = YES;
				CLANG_ENABLE_OBJC_ARC = YES;
				CLANG_ENABLE_OBJC_WEAK = YES;
				CLANG_WARN_BLOCK_CAPTURE_AUTORELEASING = YES;
				CLANG_WARN_BOOL_CONVERSION = YES;
				CLANG_WARN_COMMA = YES;
				CLANG_WARN_CONSTANT_CONVERSION = YES;
				CLANG_WARN_DEPRECATED_OBJC_IMPLEMENTATIONS = YES;
				CLANG_WARN_DIRECT_OBJC_ISA_USAGE = YES_ERROR;
				CLANG_WARN_DOCUMENTATION_COMMENTS = YES;
				CLANG_WARN_EMPTY_BODY = YES;
				CLANG_WARN_ENUM_CONVERSION = YES;
				CLANG_WARN_INFINITE_RECURSION = YES;
				CLANG_WARN_INT_CONVERSION = YES;
				CLANG_WARN_NON_LITERAL_NULL_CONVERSION = YES;
				CLANG_WARN_OBJC_IMPLICIT_RETAIN_SELF = YES;
				CLANG_WARN_OBJC_LITERAL_CONVERSION = YES;
				CLANG_WARN_OBJC_ROOT_CLASS = YES_ERROR;
				CLANG_WARN_QUOTED_INCLUDE_IN_FRAMEWORK_HEADER = YES;
				CLANG_WARN_RANGE_LOOP_ANALYSIS = YES;
				CLANG_WARN_STRICT_PROTOTYPES = YES;
				CLANG_WARN_SUSPICIOUS_MOVE = YES;
				CLANG_WARN_UNGUARDED_AVAILABILITY = YES_AGGRESSIVE;
				CLANG_WARN_UNREACHABLE_CODE = YES;
				CLANG_WARN__DUPLICATE_METHOD_MATCH = YES;
				COPY_PHASE_STRIP = NO;
				DEBUG_INFORMATION_FORMAT = dwarf;
				ENABLE_STRICT_OBJC_MSGSEND = YES;
				ENABLE_TESTABILITY = YES;
				GCC_C_LANGUAGE_STANDARD = gnu11;
				GCC_DYNAMIC_NO_PIC = NO;
				GCC_NO_COMMON_BLOCKS = YES;
				GCC_OPTIMIZATION_LEVEL = 0;
				GCC_PREPROCESSOR_DEFINITIONS = (
					"DEBUG=1",
					"$(inherited)",
				);
				GCC_WARN_64_TO_32_BIT_CONVERSION = YES;
				GCC_WARN_ABOUT_RETURN_TYPE = YES_ERROR;
				GCC_WARN_UNDECLARED_SELECTOR = YES;
				GCC_WARN_UNINITIALIZED_AUTOS = YES_AGGRESSIVE;
				GCC_WARN_UNUSED_FUNCTION = YES;
				GCC_WARN_UNUSED_VARIABLE = YES;
				IPHONEOS_DEPLOYMENT_TARGET = 15.2;
				MTL_ENABLE_DEBUG_INFO = INCLUDE_SOURCE;
				MTL_FAST_MATH = YES;
				ONLY_ACTIVE_ARCH = YES;
				SDKROOT = iphoneos;
				SWIFT_ACTIVE_COMPILATION_CONDITIONS = DEBUG;
				SWIFT_OPTIMIZATION_LEVEL = "-Onone";
			};
			name = Debug;
		};
		3F4A8EEC28AFC01F00B5E646 /* Release */ = {
			isa = XCBuildConfiguration;
			buildSettings = {
				ALWAYS_SEARCH_USER_PATHS = NO;
				CLANG_ANALYZER_NONNULL = YES;
				CLANG_ANALYZER_NUMBER_OBJECT_CONVERSION = YES_AGGRESSIVE;
				CLANG_CXX_LANGUAGE_STANDARD = "gnu++17";
				CLANG_CXX_LIBRARY = "libc++";
				CLANG_ENABLE_MODULES = YES;
				CLANG_ENABLE_OBJC_ARC = YES;
				CLANG_ENABLE_OBJC_WEAK = YES;
				CLANG_WARN_BLOCK_CAPTURE_AUTORELEASING = YES;
				CLANG_WARN_BOOL_CONVERSION = YES;
				CLANG_WARN_COMMA = YES;
				CLANG_WARN_CONSTANT_CONVERSION = YES;
				CLANG_WARN_DEPRECATED_OBJC_IMPLEMENTATIONS = YES;
				CLANG_WARN_DIRECT_OBJC_ISA_USAGE = YES_ERROR;
				CLANG_WARN_DOCUMENTATION_COMMENTS = YES;
				CLANG_WARN_EMPTY_BODY = YES;
				CLANG_WARN_ENUM_CONVERSION = YES;
				CLANG_WARN_INFINITE_RECURSION = YES;
				CLANG_WARN_INT_CONVERSION = YES;
				CLANG_WARN_NON_LITERAL_NULL_CONVERSION = YES;
				CLANG_WARN_OBJC_IMPLICIT_RETAIN_SELF = YES;
				CLANG_WARN_OBJC_LITERAL_CONVERSION = YES;
				CLANG_WARN_OBJC_ROOT_CLASS = YES_ERROR;
				CLANG_WARN_QUOTED_INCLUDE_IN_FRAMEWORK_HEADER = YES;
				CLANG_WARN_RANGE_LOOP_ANALYSIS = YES;
				CLANG_WARN_STRICT_PROTOTYPES = YES;
				CLANG_WARN_SUSPICIOUS_MOVE = YES;
				CLANG_WARN_UNGUARDED_AVAILABILITY = YES_AGGRESSIVE;
				CLANG_WARN_UNREACHABLE_CODE = YES;
				CLANG_WARN__DUPLICATE_METHOD_MATCH = YES;
				COPY_PHASE_STRIP = NO;
				DEBUG_INFORMATION_FORMAT = "dwarf-with-dsym";
				ENABLE_NS_ASSERTIONS = NO;
				ENABLE_STRICT_OBJC_MSGSEND = YES;
				GCC_C_LANGUAGE_STANDARD = gnu11;
				GCC_NO_COMMON_BLOCKS = YES;
				GCC_WARN_64_TO_32_BIT_CONVERSION = YES;
				GCC_WARN_ABOUT_RETURN_TYPE = YES_ERROR;
				GCC_WARN_UNDECLARED_SELECTOR = YES;
				GCC_WARN_UNINITIALIZED_AUTOS = YES_AGGRESSIVE;
				GCC_WARN_UNUSED_FUNCTION = YES;
				GCC_WARN_UNUSED_VARIABLE = YES;
				IPHONEOS_DEPLOYMENT_TARGET = 15.2;
				MTL_ENABLE_DEBUG_INFO = NO;
				MTL_FAST_MATH = YES;
				SDKROOT = iphoneos;
				SWIFT_COMPILATION_MODE = wholemodule;
				SWIFT_OPTIMIZATION_LEVEL = "-O";
				VALIDATE_PRODUCT = YES;
			};
			name = Release;
		};
		3F4A8EEE28AFC01F00B5E646 /* Debug */ = {
			isa = XCBuildConfiguration;
			buildSettings = {
				ASSETCATALOG_COMPILER_APPICON_NAME = AppIcon;
				ASSETCATALOG_COMPILER_GLOBAL_ACCENT_COLOR_NAME = AccentColor;
				CODE_SIGN_STYLE = Automatic;
				CURRENT_PROJECT_VERSION = 1;
				DEVELOPMENT_TEAM = X5W2D75BZ8;
				GENERATE_INFOPLIST_FILE = YES;
				INFOPLIST_FILE = PhoneMall/Info.plist;
				INFOPLIST_KEY_UIApplicationSupportsIndirectInputEvents = YES;
				INFOPLIST_KEY_UILaunchStoryboardName = LaunchScreen;
				INFOPLIST_KEY_UISupportedInterfaceOrientations = UIInterfaceOrientationPortrait;
				INFOPLIST_KEY_UISupportedInterfaceOrientations_iPad = "UIInterfaceOrientationPortrait UIInterfaceOrientationPortraitUpsideDown UIInterfaceOrientationLandscapeLeft UIInterfaceOrientationLandscapeRight";
				INFOPLIST_KEY_UISupportedInterfaceOrientations_iPhone = "UIInterfaceOrientationPortrait UIInterfaceOrientationLandscapeLeft UIInterfaceOrientationLandscapeRight";
				IPHONEOS_DEPLOYMENT_TARGET = 15.0;
				LD_RUNPATH_SEARCH_PATHS = (
					"$(inherited)",
					"@executable_path/Frameworks",
				);
				MARKETING_VERSION = 1.0;
				PRODUCT_BUNDLE_IDENTIFIER = com.ya.PhoneMall;
				PRODUCT_NAME = "$(TARGET_NAME)";
				SWIFT_EMIT_LOC_STRINGS = YES;
				SWIFT_VERSION = 5.0;
				TARGETED_DEVICE_FAMILY = "1,2";
			};
			name = Debug;
		};
		3F4A8EEF28AFC01F00B5E646 /* Release */ = {
			isa = XCBuildConfiguration;
			buildSettings = {
				ASSETCATALOG_COMPILER_APPICON_NAME = AppIcon;
				ASSETCATALOG_COMPILER_GLOBAL_ACCENT_COLOR_NAME = AccentColor;
				CODE_SIGN_STYLE = Automatic;
				CURRENT_PROJECT_VERSION = 1;
				DEVELOPMENT_TEAM = X5W2D75BZ8;
				GENERATE_INFOPLIST_FILE = YES;
				INFOPLIST_FILE = PhoneMall/Info.plist;
				INFOPLIST_KEY_UIApplicationSupportsIndirectInputEvents = YES;
				INFOPLIST_KEY_UILaunchStoryboardName = LaunchScreen;
				INFOPLIST_KEY_UISupportedInterfaceOrientations = UIInterfaceOrientationPortrait;
				INFOPLIST_KEY_UISupportedInterfaceOrientations_iPad = "UIInterfaceOrientationPortrait UIInterfaceOrientationPortraitUpsideDown UIInterfaceOrientationLandscapeLeft UIInterfaceOrientationLandscapeRight";
				INFOPLIST_KEY_UISupportedInterfaceOrientations_iPhone = "UIInterfaceOrientationPortrait UIInterfaceOrientationLandscapeLeft UIInterfaceOrientationLandscapeRight";
				IPHONEOS_DEPLOYMENT_TARGET = 15.0;
				LD_RUNPATH_SEARCH_PATHS = (
					"$(inherited)",
					"@executable_path/Frameworks",
				);
				MARKETING_VERSION = 1.0;
				PRODUCT_BUNDLE_IDENTIFIER = com.ya.PhoneMall;
				PRODUCT_NAME = "$(TARGET_NAME)";
				SWIFT_EMIT_LOC_STRINGS = YES;
				SWIFT_VERSION = 5.0;
				TARGETED_DEVICE_FAMILY = "1,2";
			};
			name = Release;
		};
/* End XCBuildConfiguration section */

/* Begin XCConfigurationList section */
		3F4A8ED428AFC01E00B5E646 /* Build configuration list for PBXProject "PhoneMall" */ = {
			isa = XCConfigurationList;
			buildConfigurations = (
				3F4A8EEB28AFC01F00B5E646 /* Debug */,
				3F4A8EEC28AFC01F00B5E646 /* Release */,
			);
			defaultConfigurationIsVisible = 0;
			defaultConfigurationName = Release;
		};
		3F4A8EED28AFC01F00B5E646 /* Build configuration list for PBXNativeTarget "PhoneMall" */ = {
			isa = XCConfigurationList;
			buildConfigurations = (
				3F4A8EEE28AFC01F00B5E646 /* Debug */,
				3F4A8EEF28AFC01F00B5E646 /* Release */,
			);
			defaultConfigurationIsVisible = 0;
			defaultConfigurationName = Release;
		};
/* End XCConfigurationList section */
	};
	rootObject = 3F4A8ED128AFC01E00B5E646 /* Project object */;
}
